PODS:
  - Cartography (4.0.0)
  - Eureka (4.3.1)
  - KeychainAccess (4.1.0)

DEPENDENCIES:
  - Cartography
  - Eureka (~> 4.3.1)
  - KeychainAccess

SPEC REPOS:
  trunk:
    - Cartography
    - Eureka
    - KeychainAccess

SPEC CHECKSUMS:
  Cartography: c5626d29056b20f1e95c017326ee4df57cc39ad8
  Eureka: 28ea296f06710f6745266b71f17862048941a32d
  KeychainAccess: 445e28864fe6d3458b41fa211bcdc39890e8bd5a

PODFILE CHECKSUM: 0242328496c675f2054c3ee76628bffffb850b6b

COCOAPODS: 1.8.3
